// !$*UTF8*$!
{
	archiveVersion = 1;
	classes = {
	};
	objectVersion = 56;
	objects = {

/* Begin PBXBuildFile section */
		BD6E239E2908151A00D5EED0 /* AppDelegate.swift in Sources */ = {isa = PBXBuildFile; fileRef = BD6E239D2908151A00D5EED0 /* AppDelegate.swift */; };
		BD6E23A02908151A00D5EED0 /* SceneDelegate.swift in Sources */ = {isa = PBXBuildFile; fileRef = BD6E239F2908151A00D5EED0 /* SceneDelegate.swift */; };
		BD6E23A22908151A00D5EED0 /* ViewController.swift in Sources */ = {isa = PBXBuildFile; fileRef = BD6E23A12908151A00D5EED0 /* ViewController.swift */; };
		BD6E23A52908151A00D5EED0 /* Main.storyboard in Resources */ = {isa = PBXBuildFile; fileRef = BD6E23A32908151A00D5EED0 /* Main.storyboard */; };
		BD6E23A72908151B00D5EED0 /* Assets.xcassets in Resources */ = {isa = PBXBuildFile; fileRef = BD6E23A62908151B00D5EED0 /* Assets.xcassets */; };
		BD6E23AA2908151B00D5EED0 /* LaunchScreen.storyboard in Resources */ = {isa = PBXBuildFile; fileRef = BD6E23A82908151B00D5EED0 /* LaunchScreen.storyboard */; };
		BD6E23B52908151B00D5EED0 /* tugas_seguesTests.swift in Sources */ = {isa = PBXBuildFile; fileRef = BD6E23B42908151B00D5EED0 /* tugas_seguesTests.swift */; };
		BD6E23BF2908151B00D5EED0 /* tugas_seguesUITests.swift in Sources */ = {isa = PBXBuildFile; fileRef = BD6E23BE2908151B00D5EED0 /* tugas_seguesUITests.swift */; };
		BD6E23C12908151B00D5EED0 /* tugas_seguesUITestsLaunchTests.swift in Sources */ = {isa = PBXBuildFile; fileRef = BD6E23C02908151B00D5EED0 /* tugas_seguesUITestsLaunchTests.swift */; };
		BD6E23CE2908154000D5EED0 /* BViewController.swift in Sources */ = {isa = PBXBuildFile; fileRef = BD6E23CD2908154000D5EED0 /* BViewController.swift */; };
		BD6E23D029082D4D00D5EED0 /* ColorPicker.swift in Sources */ = {isa = PBXBuildFile; fileRef = BD6E23CF29082D4D00D5EED0 /* ColorPicker.swift */; };
		BD6E23D22908372400D5EED0 /* CViewController.swift in Sources */ = {isa = PBXBuildFile; fileRef = BD6E23D12908372400D5EED0 /* CViewController.swift */; };
/* End PBXBuildFile section */

/* Begin PBXContainerItemProxy section */
		BD6E23B12908151B00D5EED0 /* PBXContainerItemProxy */ = {
			isa = PBXContainerItemProxy;
			containerPortal = BD6E23922908151A00D5EED0 /* Project object */;
			proxyType = 1;
			remoteGlobalIDString = BD6E23992908151A00D5EED0;
			remoteInfo = tugas_segues;
		};
		BD6E23BB2908151B00D5EED0 /* PBXContainerItemProxy */ = {
			isa = PBXContainerItemProxy;
			containerPortal = BD6E23922908151A00D5EED0 /* Project object */;
			proxyType = 1;
			remoteGlobalIDString = BD6E23992908151A00D5EED0;
			remoteInfo = tugas_segues;
		};
/* End PBXContainerItemProxy section */

/* Begin PBXFileReference section */
		BD6E239A2908151A00D5EED0 /* tugas_segues.app */ = {isa = PBXFileReference; explicitFileType = wrapper.application; includeInIndex = 0; path = tugas_segues.app; sourceTree = BUILT_PRODUCTS_DIR; };
		BD6E239D2908151A00D5EED0 /* AppDelegate.swift */ = {isa = PBXFileReference; lastKnownFileType = sourcecode.swift; path = AppDelegate.swift; sourceTree = "<group>"; };
		BD6E239F2908151A00D5EED0 /* SceneDelegate.swift */ = {isa = PBXFileReference; lastKnownFileType = sourcecode.swift; path = SceneDelegate.swift; sourceTree = "<group>"; };
		BD6E23A12908151A00D5EED0 /* ViewController.swift */ = {isa = PBXFileReference; lastKnownFileType = sourcecode.swift; path = ViewController.swift; sourceTree = "<group>"; };
		BD6E23A42908151A00D5EED0 /* Base */ = {isa = PBXFileReference; lastKnownFileType = file.storyboard; name = Base; path = Base.lproj/Main.storyboard; sourceTree = "<group>"; };
		BD6E23A62908151B00D5EED0 /* Assets.xcassets */ = {isa = PBXFileReference; lastKnownFileType = folder.assetcatalog; path = Assets.xcassets; sourceTree = "<group>"; };
		BD6E23A92908151B00D5EED0 /* Base */ = {isa = PBXFileReference; lastKnownFileType = file.storyboard; name = Base; path = Base.lproj/LaunchScreen.storyboard; sourceTree = "<group>"; };
		BD6E23AB2908151B00D5EED0 /* Info.plist */ = {isa = PBXFileReference; lastKnownFileType = text.plist.xml; path = Info.plist; sourceTree = "<group>"; };
		BD6E23B02908151B00D5EED0 /* tugas_seguesTests.xctest */ = {isa = PBXFileReference; explicitFileType = wrapper.cfbundle; includeInIndex = 0; path = tugas_seguesTests.xctest; sourceTree = BUILT_PRODUCTS_DIR; };
		BD6E23B42908151B00D5EED0 /* tugas_seguesTests.swift */ = {isa = PBXFileReference; lastKnownFileType = sourcecode.swift; path = tugas_seguesTests.swift; sourceTree = "<group>"; };
		BD6E23BA2908151B00D5EED0 /* tugas_seguesUITests.xctest */ = {isa = PBXFileReference; explicitFileType = wrapper.cfbundle; includeInIndex = 0; path = tugas_seguesUITests.xctest; sourceTree = BUILT_PRODUCTS_DIR; };
		BD6E23BE2908151B00D5EED0 /* tugas_seguesUITests.swift */ = {isa = PBXFileReference; lastKnownFileType = sourcecode.swift; path = tugas_seguesUITests.swift; sourceTree = "<group>"; };
		BD6E23C02908151B00D5EED0 /* tugas_seguesUITestsLaunchTests.swift */ = {isa = PBXFileReference; lastKnownFileType = sourcecode.swift; path = tugas_seguesUITestsLaunchTests.swift; sourceTree = "<group>"; };
		BD6E23CD2908154000D5EED0 /* BViewController.swift */ = {isa = PBXFileReference; lastKnownFileType = sourcecode.swift; path = BViewController.swift; sourceTree = "<group>"; };
		BD6E23CF29082D4D00D5EED0 /* ColorPicker.swift */ = {isa = PBXFileReference; lastKnownFileType = sourcecode.swift; path = ColorPicker.swift; sourceTree = "<group>"; };
		BD6E23D12908372400D5EED0 /* CViewController.swift */ = {isa = PBXFileReference; lastKnownFileType = sourcecode.swift; path = CViewController.swift; sourceTree = "<group>"; };
/* End PBXFileReference section */

/* Begin PBXFrameworksBuildPhase section */
		BD6E23972908151A00D5EED0 /* Frameworks */ = {
			isa = PBXFrameworksBuildPhase;
			buildActionMask = 2147483647;
			files = (
			);
			runOnlyForDeploymentPostprocessing = 0;
		};
		BD6E23AD2908151B00D5EED0 /* Frameworks */ = {
			isa = PBXFrameworksBuildPhase;
			buildActionMask = 2147483647;
			files = (
			);
			runOnlyForDeploymentPostprocessing = 0;
		};
		BD6E23B72908151B00D5EED0 /* Frameworks */ = {
			isa = PBXFrameworksBuildPhase;
			buildActionMask = 2147483647;
			files = (
			);
			runOnlyForDeploymentPostprocessing = 0;
		};
/* End PBXFrameworksBuildPhase section */

/* Begin PBXGroup section */
		BD6E23912908151A00D5EED0 = {
			isa = PBXGroup;
			children = (
				BD6E239C2908151A00D5EED0 /* tugas_segues */,
				BD6E23B32908151B00D5EED0 /* tugas_seguesTests */,
				BD6E23BD2908151B00D5EED0 /* tugas_seguesUITests */,
				BD6E239B2908151A00D5EED0 /* Products */,
			);
			sourceTree = "<group>";
		};
		BD6E239B2908151A00D5EED0 /* Products */ = {
			isa = PBXGroup;
			children = (
				BD6E239A2908151A00D5EED0 /* tugas_segues.app */,
				BD6E23B02908151B00D5EED0 /* tugas_seguesTests.xctest */,
				BD6E23BA2908151B00D5EED0 /* tugas_seguesUITests.xctest */,
			);
			name = Products;
			sourceTree = "<group>";
		};
		BD6E239C2908151A00D5EED0 /* tugas_segues */ = {
			isa = PBXGroup;
			children = (
				BD6E239D2908151A00D5EED0 /* AppDelegate.swift */,
				BD6E239F2908151A00D5EED0 /* SceneDelegate.swift */,
				BD6E23A12908151A00D5EED0 /* ViewController.swift */,
				BD6E23CD2908154000D5EED0 /* BViewController.swift */,
				BD6E23D12908372400D5EED0 /* CViewController.swift */,
				BD6E23CF29082D4D00D5EED0 /* ColorPicker.swift */,
				BD6E23A32908151A00D5EED0 /* Main.storyboard */,
				BD6E23A62908151B00D5EED0 /* Assets.xcassets */,
				BD6E23A82908151B00D5EED0 /* LaunchScreen.storyboard */,
				BD6E23AB2908151B00D5EED0 /* Info.plist */,
			);
			path = tugas_segues;
			sourceTree = "<group>";
		};
		BD6E23B32908151B00D5EED0 /* tugas_seguesTests */ = {
			isa = PBXGroup;
			children = (
				BD6E23B42908151B00D5EED0 /* tugas_seguesTests.swift */,
			);
			path = tugas_seguesTests;
			sourceTree = "<group>";
		};
		BD6E23BD2908151B00D5EED0 /* tugas_seguesUITests */ = {
			isa = PBXGroup;
			children = (
				BD6E23BE2908151B00D5EED0 /* tugas_seguesUITests.swift */,
				BD6E23C02908151B00D5EED0 /* tugas_seguesUITestsLaunchTests.swift */,
			);
			path = tugas_seguesUITests;
			sourceTree = "<group>";
		};
/* End PBXGroup section */

/* Begin PBXNativeTarget section */
		BD6E23992908151A00D5EED0 /* tugas_segues */ = {
			isa = PBXNativeTarget;
			buildConfigurationList = BD6E23C42908151B00D5EED0 /* Build configuration list for PBXNativeTarget "tugas_segues" */;
			buildPhases = (
				BD6E23962908151A00D5EED0 /* Sources */,
				BD6E23972908151A00D5EED0 /* Frameworks */,
				BD6E23982908151A00D5EED0 /* Resources */,
			);
			buildRules = (
			);
			dependencies = (
			);
			name = tugas_segues;
			productName = tugas_segues;
			productReference = BD6E239A2908151A00D5EED0 /* tugas_segues.app */;
			productType = "com.apple.product-type.application";
		};
		BD6E23AF2908151B00D5EED0 /* tugas_seguesTests */ = {
			isa = PBXNativeTarget;
			buildConfigurationList = BD6E23C72908151B00D5EED0 /* Build configuration list for PBXNativeTarget "tugas_seguesTests" */;
			buildPhases = (
				BD6E23AC2908151B00D5EED0 /* Sources */,
				BD6E23AD2908151B00D5EED0 /* Frameworks */,
				BD6E23AE2908151B00D5EED0 /* Resources */,
			);
			buildRules = (
			);
			dependencies = (
				BD6E23B22908151B00D5EED0 /* PBXTargetDependency */,
			);
			name = tugas_seguesTests;
			productName = tugas_seguesTests;
			productReference = BD6E23B02908151B00D5EED0 /* tugas_seguesTests.xctest */;
			productType = "com.apple.product-type.bundle.unit-test";
		};
		BD6E23B92908151B00D5EED0 /* tugas_seguesUITests */ = {
			isa = PBXNativeTarget;
			buildConfigurationList = BD6E23CA2908151B00D5EED0 /* Build configuration list for PBXNativeTarget "tugas_seguesUITests" */;
			buildPhases = (
				BD6E23B62908151B00D5EED0 /* Sources */,
				BD6E23B72908151B00D5EED0 /* Frameworks */,
				BD6E23B82908151B00D5EED0 /* Resources */,
			);
			buildRules = (
			);
			dependencies = (
				BD6E23BC2908151B00D5EED0 /* PBXTargetDependency */,
			);
			name = tugas_seguesUITests;
			productName = tugas_seguesUITests;
			productReference = BD6E23BA2908151B00D5EED0 /* tugas_seguesUITests.xctest */;
			productType = "com.apple.product-type.bundle.ui-testing";
		};
/* End PBXNativeTarget section */

/* Begin PBXProject section */
		BD6E23922908151A00D5EED0 /* Project object */ = {
			isa = PBXProject;
			attributes = {
				BuildIndependentTargetsInParallel = 1;
				LastSwiftUpdateCheck = 1400;
				LastUpgradeCheck = 1400;
				TargetAttributes = {
					BD6E23992908151A00D5EED0 = {
						CreatedOnToolsVersion = 14.0.1;
					};
					BD6E23AF2908151B00D5EED0 = {
						CreatedOnToolsVersion = 14.0.1;
						TestTargetID = BD6E23992908151A00D5EED0;
					};
					BD6E23B92908151B00D5EED0 = {
						CreatedOnToolsVersion = 14.0.1;
						TestTargetID = BD6E23992908151A00D5EED0;
					};
				};
			};
			buildConfigurationList = BD6E23952908151A00D5EED0 /* Build configuration list for PBXProject "tugas_segues" */;
			compatibilityVersion = "Xcode 14.0";
			developmentRegion = en;
			hasScannedForEncodings = 0;
			knownRegions = (
				en,
				Base,
			);
			mainGroup = BD6E23912908151A00D5EED0;
			productRefGroup = BD6E239B2908151A00D5EED0 /* Products */;
			projectDirPath = "";
			projectRoot = "";
			targets = (
				BD6E23992908151A00D5EED0 /* tugas_segues */,
				BD6E23AF2908151B00D5EED0 /* tugas_seguesTests */,
				BD6E23B92908151B00D5EED0 /* tugas_seguesUITests */,
			);
		};
/* End PBXProject section */

/* Begin PBXResourcesBuildPhase section */
		BD6E23982908151A00D5EED0 /* Resources */ = {
			isa = PBXResourcesBuildPhase;
			buildActionMask = 2147483647;
			files = (
				BD6E23AA2908151B00D5EED0 /* LaunchScreen.storyboard in Resources */,
				BD6E23A72908151B00D5EED0 /* Assets.xcassets in Resources */,
				BD6E23A52908151A00D5EED0 /* Main.storyboard in Resources */,
			);
			runOnlyForDeploymentPostprocessing = 0;
		};
		BD6E23AE2908151B00D5EED0 /* Resources */ = {
			isa = PBXResourcesBuildPhase;
			buildActionMask = 2147483647;
			files = (
			);
			runOnlyForDeploymentPostprocessing = 0;
		};
		BD6E23B82908151B00D5EED0 /* Resources */ = {
			isa = PBXResourcesBuildPhase;
			buildActionMask = 2147483647;
			files = (
			);
			runOnlyForDeploymentPostprocessing = 0;
		};
/* End PBXResourcesBuildPhase section */

/* Begin PBXSourcesBuildPhase section */
		BD6E23962908151A00D5EED0 /* Sources */ = {
			isa = PBXSourcesBuildPhase;
			buildActionMask = 2147483647;
			files = (
				BD6E23A22908151A00D5EED0 /* ViewController.swift in Sources */,
				BD6E23CE2908154000D5EED0 /* BViewController.swift in Sources */,
				BD6E23D029082D4D00D5EED0 /* ColorPicker.swift in Sources */,
				BD6E239E2908151A00D5EED0 /* AppDelegate.swift in Sources */,
				BD6E23D22908372400D5EED0 /* CViewController.swift in Sources */,
				BD6E23A02908151A00D5EED0 /* SceneDelegate.swift in Sources */,
			);
			runOnlyForDeploymentPostprocessing = 0;
		};
		BD6E23AC2908151B00D5EED0 /* Sources */ = {
			isa = PBXSourcesBuildPhase;
			buildActionMask = 2147483647;
			files = (
				BD6E23B52908151B00D5EED0 /* tugas_seguesTests.swift in Sources */,
			);
			runOnlyForDeploymentPostprocessing = 0;
		};
		BD6E23B62908151B00D5EED0 /* Sources */ = {
			isa = PBXSourcesBuildPhase;
			buildActionMask = 2147483647;
			files = (
				BD6E23BF2908151B00D5EED0 /* tugas_seguesUITests.swift in Sources */,
				BD6E23C12908151B00D5EED0 /* tugas_seguesUITestsLaunchTests.swift in Sources */,
			);
			runOnlyForDeploymentPostprocessing = 0;
		};
/* End PBXSourcesBuildPhase section */

/* Begin PBXTargetDependency section */
		BD6E23B22908151B00D5EED0 /* PBXTargetDependency */ = {
			isa = PBXTargetDependency;
			target = BD6E23992908151A00D5EED0 /* tugas_segues */;
			targetProxy = BD6E23B12908151B00D5EED0 /* PBXContainerItemProxy */;
		};
		BD6E23BC2908151B00D5EED0 /* PBXTargetDependency */ = {
			isa = PBXTargetDependency;
			target = BD6E23992908151A00D5EED0 /* tugas_segues */;
			targetProxy = BD6E23BB2908151B00D5EED0 /* PBXContainerItemProxy */;
		};
/* End PBXTargetDependency section */

/* Begin PBXVariantGroup section */
		BD6E23A32908151A00D5EED0 /* Main.storyboard */ = {
			isa = PBXVariantGroup;
			children = (
				BD6E23A42908151A00D5EED0 /* Base */,
			);
			name = Main.storyboard;
			sourceTree = "<group>";
		};
		BD6E23A82908151B00D5EED0 /* LaunchScreen.storyboard */ = {
			isa = PBXVariantGroup;
			children = (
				BD6E23A92908151B00D5EED0 /* Base */,
			);
			name = LaunchScreen.storyboard;
			sourceTree = "<group>";
		};
/* End PBXVariantGroup section */

/* Begin XCBuildConfiguration section */
		BD6E23C22908151B00D5EED0 /* Debug */ = {
			isa = XCBuildConfiguration;
			buildSettings = {
				ALWAYS_SEARCH_USER_PATHS = NO;
				CLANG_ANALYZER_NONNULL = YES;
				CLANG_ANALYZER_NUMBER_OBJECT_CONVERSION = YES_AGGRESSIVE;
				CLANG_CXX_LANGUAGE_STANDARD = "gnu++20";
				CLANG_ENABLE_MODULES = YES;
				CLANG_ENABLE_OBJC_ARC = YES;
				CLANG_ENABLE_OBJC_WEAK = YES;
				CLANG_WARN_BLOCK_CAPTURE_AUTORELEASING = YES;
				CLANG_WARN_BOOL_CONVERSION = YES;
				CLANG_WARN_COMMA = YES;
				CLANG_WARN_CONSTANT_CONVERSION = YES;
				CLANG_WARN_DEPRECATED_OBJC_IMPLEMENTATIONS = YES;
				CLANG_WARN_DIRECT_OBJC_ISA_USAGE = YES_ERROR;
				CLANG_WARN_DOCUMENTATION_COMMENTS = YES;
				CLANG_WARN_EMPTY_BODY = YES;
				CLANG_WARN_ENUM_CONVERSION = YES;
				CLANG_WARN_INFINITE_RECURSION = YES;
				CLANG_WARN_INT_CONVERSION = YES;
				CLANG_WARN_NON_LITERAL_NULL_CONVERSION = YES;
				CLANG_WARN_OBJC_IMPLICIT_RETAIN_SELF = YES;
				CLANG_WARN_OBJC_LITERAL_CONVERSION = YES;
				CLANG_WARN_OBJC_ROOT_CLASS = YES_ERROR;
				CLANG_WARN_QUOTED_INCLUDE_IN_FRAMEWORK_HEADER = YES;
				CLANG_WARN_RANGE_LOOP_ANALYSIS = YES;
				CLANG_WARN_STRICT_PROTOTYPES = YES;
				CLANG_WARN_SUSPICIOUS_MOVE = YES;
				CLANG_WARN_UNGUARDED_AVAILABILITY = YES_AGGRESSIVE;
				CLANG_WARN_UNREACHABLE_CODE = YES;
				CLANG_WARN__DUPLICATE_METHOD_MATCH = YES;
				COPY_PHASE_STRIP = NO;
				DEBUG_INFORMATION_FORMAT = dwarf;
				ENABLE_STRICT_OBJC_MSGSEND = YES;
				ENABLE_TESTABILITY = YES;
				GCC_C_LANGUAGE_STANDARD = gnu11;
				GCC_DYNAMIC_NO_PIC = NO;
				GCC_NO_COMMON_BLOCKS = YES;
				GCC_OPTIMIZATION_LEVEL = 0;
				GCC_PREPROCESSOR_DEFINITIONS = (
					"DEBUG=1",
					"$(inherited)",
				);
				GCC_WARN_64_TO_32_BIT_CONVERSION = YES;
				GCC_WARN_ABOUT_RETURN_TYPE = YES_ERROR;
				GCC_WARN_UNDECLARED_SELECTOR = YES;
				GCC_WARN_UNINITIALIZED_AUTOS = YES_AGGRESSIVE;
				GCC_WARN_UNUSED_FUNCTION = YES;
				GCC_WARN_UNUSED_VARIABLE = YES;
				IPHONEOS_DEPLOYMENT_TARGET = 16.0;
				MTL_ENABLE_DEBUG_INFO = INCLUDE_SOURCE;
				MTL_FAST_MATH = YES;
				ONLY_ACTIVE_ARCH = YES;
				SDKROOT = iphoneos;
				SWIFT_ACTIVE_COMPILATION_CONDITIONS = DEBUG;
				SWIFT_OPTIMIZATION_LEVEL = "-Onone";
			};
			name = Debug;
		};
		BD6E23C32908151B00D5EED0 /* Release */ = {
			isa = XCBuildConfiguration;
			buildSettings = {
				ALWAYS_SEARCH_USER_PATHS = NO;
				CLANG_ANALYZER_NONNULL = YES;
				CLANG_ANALYZER_NUMBER_OBJECT_CONVERSION = YES_AGGRESSIVE;
				CLANG_CXX_LANGUAGE_STANDARD = "gnu++20";
				CLANG_ENABLE_MODULES = YES;
				CLANG_ENABLE_OBJC_ARC = YES;
				CLANG_ENABLE_OBJC_WEAK = YES;
				CLANG_WARN_BLOCK_CAPTURE_AUTORELEASING = YES;
				CLANG_WARN_BOOL_CONVERSION = YES;
				CLANG_WARN_COMMA = YES;
				CLANG_WARN_CONSTANT_CONVERSION = YES;
				CLANG_WARN_DEPRECATED_OBJC_IMPLEMENTATIONS = YES;
				CLANG_WARN_DIRECT_OBJC_ISA_USAGE = YES_ERROR;
				CLANG_WARN_DOCUMENTATION_COMMENTS = YES;
				CLANG_WARN_EMPTY_BODY = YES;
				CLANG_WARN_ENUM_CONVERSION = YES;
				CLANG_WARN_INFINITE_RECURSION = YES;
				CLANG_WARN_INT_CONVERSION = YES;
				CLANG_WARN_NON_LITERAL_NULL_CONVERSION = YES;
				CLANG_WARN_OBJC_IMPLICIT_RETAIN_SELF = YES;
				CLANG_WARN_OBJC_LITERAL_CONVERSION = YES;
				CLANG_WARN_OBJC_ROOT_CLASS = YES_ERROR;
				CLANG_WARN_QUOTED_INCLUDE_IN_FRAMEWORK_HEADER = YES;
				CLANG_WARN_RANGE_LOOP_ANALYSIS = YES;
				CLANG_WARN_STRICT_PROTOTYPES = YES;
				CLANG_WARN_SUSPICIOUS_MOVE = YES;
				CLANG_WARN_UNGUARDED_AVAILABILITY = YES_AGGRESSIVE;
				CLANG_WARN_UNREACHABLE_CODE = YES;
				CLANG_WARN__DUPLICATE_METHOD_MATCH = YES;
				COPY_PHASE_STRIP = NO;
				DEBUG_INFORMATION_FORMAT = "dwarf-with-dsym";
				ENABLE_NS_ASSERTIONS = NO;
				ENABLE_STRICT_OBJC_MSGSEND = YES;
				GCC_C_LANGUAGE_STANDARD = gnu11;
				GCC_NO_COMMON_BLOCKS = YES;
				GCC_WARN_64_TO_32_BIT_CONVERSION = YES;
				GCC_WARN_ABOUT_RETURN_TYPE = YES_ERROR;
				GCC_WARN_UNDECLARED_SELECTOR = YES;
				GCC_WARN_UNINITIALIZED_AUTOS = YES_AGGRESSIVE;
				GCC_WARN_UNUSED_FUNCTION = YES;
				GCC_WARN_UNUSED_VARIABLE = YES;
				IPHONEOS_DEPLOYMENT_TARGET = 16.0;
				MTL_ENABLE_DEBUG_INFO = NO;
				MTL_FAST_MATH = YES;
				SDKROOT = iphoneos;
				SWIFT_COMPILATION_MODE = wholemodule;
				SWIFT_OPTIMIZATION_LEVEL = "-O";
				VALIDATE_PRODUCT = YES;
			};
			name = Release;
		};
		BD6E23C52908151B00D5EED0 /* Debug */ = {
			isa = XCBuildConfiguration;
			buildSettings = {
				ASSETCATALOG_COMPILER_APPICON_NAME = AppIcon;
				ASSETCATALOG_COMPILER_GLOBAL_ACCENT_COLOR_NAME = AccentColor;
				CODE_SIGN_STYLE = Automatic;
				CURRENT_PROJECT_VERSION = 1;
				GENERATE_INFOPLIST_FILE = YES;
				INFOPLIST_FILE = tugas_segues/Info.plist;
				INFOPLIST_KEY_UIApplicationSupportsIndirectInputEvents = YES;
				INFOPLIST_KEY_UILaunchStoryboardName = LaunchScreen;
				INFOPLIST_KEY_UIMainStoryboardFile = Main;
				INFOPLIST_KEY_UISupportedInterfaceOrientations_iPad = "UIInterfaceOrientationPortrait UIInterfaceOrientationPortraitUpsideDown UIInterfaceOrientationLandscapeLeft UIInterfaceOrientationLandscapeRight";
				INFOPLIST_KEY_UISupportedInterfaceOrientations_iPhone = "UIInterfaceOrientationPortrait UIInterfaceOrientationLandscapeLeft UIInterfaceOrientationLandscapeRight";
				LD_RUNPATH_SEARCH_PATHS = (
					"$(inherited)",
					"@executable_path/Frameworks",
				);
				MARKETING_VERSION = 1.0;
				PRODUCT_BUNDLE_IDENTIFIER = "com.tugas-segues";
				PRODUCT_NAME = "$(TARGET_NAME)";
				SWIFT_EMIT_LOC_STRINGS = YES;
				SWIFT_VERSION = 5.0;
				TARGETED_DEVICE_FAMILY = "1,2";
			};
			name = Debug;
		};
		BD6E23C62908151B00D5EED0 /* Release */ = {
			isa = XCBuildConfiguration;
			buildSettings = {
				ASSETCATALOG_COMPILER_APPICON_NAME = AppIcon;
				ASSETCATALOG_COMPILER_GLOBAL_ACCENT_COLOR_NAME = AccentColor;
				CODE_SIGN_STYLE = Automatic;
				CURRENT_PROJECT_VERSION = 1;
				GENERATE_INFOPLIST_FILE = YES;
				INFOPLIST_FILE = tugas_segues/Info.plist;
				INFOPLIST_KEY_UIApplicationSupportsIndirectInputEvents = YES;
				INFOPLIST_KEY_UILaunchStoryboardName = LaunchScreen;
				INFOPLIST_KEY_UIMainStoryboardFile = Main;
				INFOPLIST_KEY_UISupportedInterfaceOrientations_iPad = "UIInterfaceOrientationPortrait UIInterfaceOrientationPortraitUpsideDown UIInterfaceOrientationLandscapeLeft UIInterfaceOrientationLandscapeRight";
				INFOPLIST_KEY_UISupportedInterfaceOrientations_iPhone = "UIInterfaceOrientationPortrait UIInterfaceOrientationLandscapeLeft UIInterfaceOrientationLandscapeRight";
				LD_RUNPATH_SEARCH_PATHS = (
					"$(inherited)",
					"@executable_path/Frameworks",
				);
				MARKETING_VERSION = 1.0;
				PRODUCT_BUNDLE_IDENTIFIER = "com.tugas-segues";
				PRODUCT_NAME = "$(TARGET_NAME)";
				SWIFT_EMIT_LOC_STRINGS = YES;
				SWIFT_VERSION = 5.0;
				TARGETED_DEVICE_FAMILY = "1,2";
			};
			name = Release;
		};
		BD6E23C82908151B00D5EED0 /* Debug */ = {
			isa = XCBuildConfiguration;
			buildSettings = {
				ALWAYS_EMBED_SWIFT_STANDARD_LIBRARIES = YES;
				BUNDLE_LOADER = "$(TEST_HOST)";
				CODE_SIGN_STYLE = Automatic;
				CURRENT_PROJECT_VERSION = 1;
				GENERATE_INFOPLIST_FILE = YES;
				IPHONEOS_DEPLOYMENT_TARGET = 16.0;
				MARKETING_VERSION = 1.0;
				PRODUCT_BUNDLE_IDENTIFIER = "com.tugas-seguesTests";
				PRODUCT_NAME = "$(TARGET_NAME)";
				SWIFT_EMIT_LOC_STRINGS = NO;
				SWIFT_VERSION = 5.0;
				TARGETED_DEVICE_FAMILY = "1,2";
				TEST_HOST = "$(BUILT_PRODUCTS_DIR)/tugas_segues.app/$(BUNDLE_EXECUTABLE_FOLDER_PATH)/tugas_segues";
			};
			name = Debug;
		};
		BD6E23C92908151B00D5EED0 /* Release */ = {
			isa = XCBuildConfiguration;
			buildSettings = {
				ALWAYS_EMBED_SWIFT_STANDARD_LIBRARIES = YES;
				BUNDLE_LOADER = "$(TEST_HOST)";
				CODE_SIGN_STYLE = Automatic;
				CURRENT_PROJECT_VERSION = 1;
				GENERATE_INFOPLIST_FILE = YES;
				IPHONEOS_DEPLOYMENT_TARGET = 16.0;
				MARKETING_VERSION = 1.0;
				PRODUCT_BUNDLE_IDENTIFIER = "com.tugas-seguesTests";
				PRODUCT_NAME = "$(TARGET_NAME)";
				SWIFT_EMIT_LOC_STRINGS = NO;
				SWIFT_VERSION = 5.0;
				TARGETED_DEVICE_FAMILY = "1,2";
				TEST_HOST = "$(BUILT_PRODUCTS_DIR)/tugas_segues.app/$(BUNDLE_EXECUTABLE_FOLDER_PATH)/tugas_segues";
			};
			name = Release;
		};
		BD6E23CB2908151B00D5EED0 /* Debug */ = {
			isa = XCBuildConfiguration;
			buildSettings = {
				ALWAYS_EMBED_SWIFT_STANDARD_LIBRARIES = YES;
				CODE_SIGN_STYLE = Automatic;
				CURRENT_PROJECT_VERSION = 1;
				GENERATE_INFOPLIST_FILE = YES;
				MARKETING_VERSION = 1.0;
				PRODUCT_BUNDLE_IDENTIFIER = "com.tugas-seguesUITests";
				PRODUCT_NAME = "$(TARGET_NAME)";
				SWIFT_EMIT_LOC_STRINGS = NO;
				SWIFT_VERSION = 5.0;
				TARGETED_DEVICE_FAMILY = "1,2";
				TEST_TARGET_NAME = tugas_segues;
			};
			name = Debug;
		};
		BD6E23CC2908151B00D5EED0 /* Release */ = {
			isa = XCBuildConfiguration;
			buildSettings = {
				ALWAYS_EMBED_SWIFT_STANDARD_LIBRARIES = YES;
				CODE_SIGN_STYLE = Automatic;
				CURRENT_PROJECT_VERSION = 1;
				GENERATE_INFOPLIST_FILE = YES;
				MARKETING_VERSION = 1.0;
				PRODUCT_BUNDLE_IDENTIFIER = "com.tugas-seguesUITests";
				PRODUCT_NAME = "$(TARGET_NAME)";
				SWIFT_EMIT_LOC_STRINGS = NO;
				SWIFT_VERSION = 5.0;
				TARGETED_DEVICE_FAMILY = "1,2";
				TEST_TARGET_NAME = tugas_segues;
			};
			name = Release;
		};
/* End XCBuildConfiguration section */

/* Begin XCConfigurationList section */
		BD6E23952908151A00D5EED0 /* Build configuration list for PBXProject "tugas_segues" */ = {
			isa = XCConfigurationList;
			buildConfigurations = (
				BD6E23C22908151B00D5EED0 /* Debug */,
				BD6E23C32908151B00D5EED0 /* Release */,
			);
			defaultConfigurationIsVisible = 0;
			defaultConfigurationName = Release;
		};
		BD6E23C42908151B00D5EED0 /* Build configuration list for PBXNativeTarget "tugas_segues" */ = {
			isa = XCConfigurationList;
			buildConfigurations = (
				BD6E23C52908151B00D5EED0 /* Debug */,
				BD6E23C62908151B00D5EED0 /* Release */,
			);
			defaultConfigurationIsVisible = 0;
			defaultConfigurationName = Release;
		};
		BD6E23C72908151B00D5EED0 /* Build configuration list for PBXNativeTarget "tugas_seguesTests" */ = {
			isa = XCConfigurationList;
			buildConfigurations = (
				BD6E23C82908151B00D5EED0 /* Debug */,
				BD6E23C92908151B00D5EED0 /* Release */,
			);
			defaultConfigurationIsVisible = 0;
			defaultConfigurationName = Release;
		};
		BD6E23CA2908151B00D5EED0 /* Build configuration list for PBXNativeTarget "tugas_seguesUITests" */ = {
			isa = XCConfigurationList;
			buildConfigurations = (
				BD6E23CB2908151B00D5EED0 /* Debug */,
				BD6E23CC2908151B00D5EED0 /* Release */,
			);
			defaultConfigurationIsVisible = 0;
			defaultConfigurationName = Release;
		};
/* End XCConfigurationList section */
	};
	rootObject = BD6E23922908151A00D5EED0 /* Project object */;
}
